# @generated by Move, please check-in and do not edit manually.

[move]
version = 1
manifest_digest = "1A8DA046E0B7C19723A23F1C89DABD8A91C3F4BBCB1B8F140277B45A81479FBF"
deps_digest = "F8BBB0CCB2491CA29A3DF03D6F92277A4F3574266507ACD77214D37ECA3F3082"
dependencies = [
  { name = "Sui" },
]

[[move.package]]
name = "MoveStdlib"
source = { git = "https://github.com/MystenLabs/sui.git", rev = "framework/devnet", subdir = "crates/sui-framework/packages/move-stdlib" }

[[move.package]]
name = "Sui"
source = { git = "https://github.com/MystenLabs/sui.git", rev = "framework/devnet", subdir = "crates/sui-framework/packages/sui-framework" }

dependencies = [
  { name = "MoveStdlib" },
]

[move.toolchain-version]
compiler-version = "1.30.3"
edition = "2024.alpha"
flavor = "sui"

[env]

[env.devnet]
chain-id = "5755bca6"
original-published-id = "0x38e0c48da04782f7680d711bb18ec69853e4403c715cf1e00c1ef96803a57b9c"
latest-published-id = "0x38e0c48da04782f7680d711bb18ec69853e4403c715cf1e00c1ef96803a57b9c"
published-version = "1"

[env.testnet]
chain-id = "4c78adac"
original-published-id = "0x2ebf7bd54a36ae8a2c69c60ed752dd7308d13b432e8a804a3a21bf6d560f8a4e"
latest-published-id = "0x2ebf7bd54a36ae8a2c69c60ed752dd7308d13b432e8a804a3a21bf6d560f8a4e"
published-version = "1"
